
Microsoft Visual Studio Solution File, Format Version 12.00
# SQL Server Management Studio Version 21
VisualStudioVersion = 17.14.36603.0
MinimumVisualStudioVersion = 10.0.40219.1
Project("{4F2E2C19-372F-40D8-9FA7-9D2138C6997A}") = "Com5900G07", "Com5900G07.ssmssqlproj", "{F799EF9E-14E0-A640-D301-0213CE687153}"
EndProject
Global
	GlobalSection(SolutionConfigurationPlatforms) = preSolution
		Default|Default = Default|Default
	EndGlobalSection
	GlobalSection(ProjectConfigurationPlatforms) = postSolution
		{F799EF9E-14E0-A640-D301-0213CE687153}.Default|Default.ActiveCfg = Default
		{5A458E7D-0FFE-4008-8C2D-A2A9585F5572}.Default|Default.ActiveCfg = Default
	EndGlobalSection
	GlobalSection(SolutionProperties) = preSolution
		HideSolutionNode = FALSE
	EndGlobalSection
	GlobalSection(ExtensibilityGlobals) = postSolution
		SolutionGuid = {C9F70946-7510-45EB-8CBD-8D3D5497FE26}
	EndGlobalSection
EndGlobal
